// !$*UTF8*$!
{
	archiveVersion = 1;
	classes = {
	};
	objectVersion = 46;
	objects = {

/* Begin PBXBuildFile section */
		4BB388061E5C29D60087932E /* AppDelegate.swift in Sources */ = {isa = PBXBuildFile; fileRef = 4BB388051E5C29D60087932E /* AppDelegate.swift */; };
		4BB388081E5C29D60087932E /* ViewController.swift in Sources */ = {isa = PBXBuildFile; fileRef = 4BB388071E5C29D60087932E /* ViewController.swift */; };
		4BB3880B1E5C29D60087932E /* Main.storyboard in Resources */ = {isa = PBXBuildFile; fileRef = 4BB388091E5C29D60087932E /* Main.storyboard */; };
		4BB3880D1E5C29D60087932E /* Assets.xcassets in Resources */ = {isa = PBXBuildFile; fileRef = 4BB3880C1E5C29D60087932E /* Assets.xcassets */; };
		4BB388101E5C29D60087932E /* LaunchScreen.storyboard in Resources */ = {isa = PBXBuildFile; fileRef = 4BB3880E1E5C29D60087932E /* LaunchScreen.storyboard */; };
/* End PBXBuildFile section */

/* Begin PBXFileReference section */
		4BB388021E5C29D60087932E /* Project6a.app */ = {isa = PBXFileReference; explicitFileType = wrapper.application; includeInIndex = 0; path = Project6a.app; sourceTree = BUILT_PRODUCTS_DIR; };
		4BB388051E5C29D60087932E /* AppDelegate.swift */ = {isa = PBXFileReference; lastKnownFileType = sourcecode.swift; path = AppDelegate.swift; sourceTree = "<group>"; };
		4BB388071E5C29D60087932E /* ViewController.swift */ = {isa = PBXFileReference; lastKnownFileType = sourcecode.swift; path = ViewController.swift; sourceTree = "<group>"; };
		4BB3880A1E5C29D60087932E /* Base */ = {isa = PBXFileReference; lastKnownFileType = file.storyboard; name = Base; path = Base.lproj/Main.storyboard; sourceTree = "<group>"; };
		4BB3880C1E5C29D60087932E /* Assets.xcassets */ = {isa = PBXFileReference; lastKnownFileType = folder.assetcatalog; path = Assets.xcassets; sourceTree = "<group>"; };
		4BB3880F1E5C29D60087932E /* Base */ = {isa = PBXFileReference; lastKnownFileType = file.storyboard; name = Base; path = Base.lproj/LaunchScreen.storyboard; sourceTree = "<group>"; };
		4BB388111E5C29D60087932E /* Info.plist */ = {isa = PBXFileReference; lastKnownFileType = text.plist.xml; path = Info.plist; sourceTree = "<group>"; };
/* End PBXFileReference section */

/* Begin PBXFrameworksBuildPhase section */
		4BB387FF1E5C29D50087932E /* Frameworks */ = {
			isa = PBXFrameworksBuildPhase;
			buildActionMask = 2147483647;
			files = (
			);
			runOnlyForDeploymentPostprocessing = 0;
		};
/* End PBXFrameworksBuildPhase section */

/* Begin PBXGroup section */
		4BB387F91E5C29D50087932E = {
			isa = PBXGroup;
			children = (
				4BB388041E5C29D60087932E /* Project6a */,
				4BB388031E5C29D60087932E /* Products */,
			);
			sourceTree = "<group>";
		};
		4BB388031E5C29D60087932E /* Products */ = {
			isa = PBXGroup;
			children = (
				4BB388021E5C29D60087932E /* Project6a.app */,
			);
			name = Products;
			sourceTree = "<group>";
		};
		4BB388041E5C29D60087932E /* Project6a */ = {
			isa = PBXGroup;
			children = (
				4BB388051E5C29D60087932E /* AppDelegate.swift */,
				4BB388071E5C29D60087932E /* ViewController.swift */,
				4BB388091E5C29D60087932E /* Main.storyboard */,
				4BB3880C1E5C29D60087932E /* Assets.xcassets */,
				4BB3880E1E5C29D60087932E /* LaunchScreen.storyboard */,
				4BB388111E5C29D60087932E /* Info.plist */,
			);
			name = Project6a;
			path = Project2;
			sourceTree = "<group>";
		};
/* End PBXGroup section */

/* Begin PBXNativeTarget section */
		4BB388011E5C29D50087932E /* Project6a */ = {
			isa = PBXNativeTarget;
			buildConfigurationList = 4BB388141E5C29D60087932E /* Build configuration list for PBXNativeTarget "Project6a" */;
			buildPhases = (
				4BB387FE1E5C29D50087932E /* Sources */,
				4BB387FF1E5C29D50087932E /* Frameworks */,
				4BB388001E5C29D50087932E /* Resources */,
			);
			buildRules = (
			);
			dependencies = (
			);
			name = Project6a;
			productName = Project2;
			productReference = 4BB388021E5C29D60087932E /* Project6a.app */;
			productType = "com.apple.product-type.application";
		};
/* End PBXNativeTarget section */

/* Begin PBXProject section */
		4BB387FA1E5C29D50087932E /* Project object */ = {
			isa = PBXProject;
			attributes = {
				LastSwiftUpdateCheck = 0820;
				LastUpgradeCheck = 0820;
				ORGANIZATIONNAME = Linix;
				TargetAttributes = {
					4BB388011E5C29D50087932E = {
						CreatedOnToolsVersion = 8.2.1;
						DevelopmentTeam = 6WQTDQAD75;
						ProvisioningStyle = Automatic;
					};
				};
			};
			buildConfigurationList = 4BB387FD1E5C29D50087932E /* Build configuration list for PBXProject "Project6a" */;
			compatibilityVersion = "Xcode 3.2";
			developmentRegion = English;
			hasScannedForEncodings = 0;
			knownRegions = (
				en,
				Base,
			);
			mainGroup = 4BB387F91E5C29D50087932E;
			productRefGroup = 4BB388031E5C29D60087932E /* Products */;
			projectDirPath = "";
			projectRoot = "";
			targets = (
				4BB388011E5C29D50087932E /* Project6a */,
			);
		};
/* End PBXProject section */

/* Begin PBXResourcesBuildPhase section */
		4BB388001E5C29D50087932E /* Resources */ = {
			isa = PBXResourcesBuildPhase;
			buildActionMask = 2147483647;
			files = (
				4BB388101E5C29D60087932E /* LaunchScreen.storyboard in Resources */,
				4BB3880D1E5C29D60087932E /* Assets.xcassets in Resources */,
				4BB3880B1E5C29D60087932E /* Main.storyboard in Resources */,
			);
			runOnlyForDeploymentPostprocessing = 0;
		};
/* End PBXResourcesBuildPhase section */

/* Begin PBXSourcesBuildPhase section */
		4BB387FE1E5C29D50087932E /* Sources */ = {
			isa = PBXSourcesBuildPhase;
			buildActionMask = 2147483647;
			files = (
				4BB388081E5C29D60087932E /* ViewController.swift in Sources */,
				4BB388061E5C29D60087932E /* AppDelegate.swift in Sources */,
			);
			runOnlyForDeploymentPostprocessing = 0;
		};
/* End PBXSourcesBuildPhase section */

/* Begin PBXVariantGroup section */
		4BB388091E5C29D60087932E /* Main.storyboard */ = {
			isa = PBXVariantGroup;
			children = (
				4BB3880A1E5C29D60087932E /* Base */,
			);
			name = Main.storyboard;
			sourceTree = "<group>";
		};
		4BB3880E1E5C29D60087932E /* LaunchScreen.storyboard */ = {
			isa = PBXVariantGroup;
			children = (
				4BB3880F1E5C29D60087932E /* Base */,
			);
			name = LaunchScreen.storyboard;
			sourceTree = "<group>";
		};
/* End PBXVariantGroup section */

/* Begin XCBuildConfiguration section */
		4BB388121E5C29D60087932E /* Debug */ = {
			isa = XCBuildConfiguration;
			buildSettings = {
				ALWAYS_SEARCH_USER_PATHS = NO;
				CLANG_ANALYZER_NONNULL = YES;
				CLANG_CXX_LANGUAGE_STANDARD = "gnu++0x";
				CLANG_CXX_LIBRARY = "libc++";
				CLANG_ENABLE_MODULES = YES;
				CLANG_ENABLE_OBJC_ARC = YES;
				CLANG_WARN_BOOL_CONVERSION = YES;
				CLANG_WARN_CONSTANT_CONVERSION = YES;
				CLANG_WARN_DIRECT_OBJC_ISA_USAGE = YES_ERROR;
				CLANG_WARN_DOCUMENTATION_COMMENTS = YES;
				CLANG_WARN_EMPTY_BODY = YES;
				CLANG_WARN_ENUM_CONVERSION = YES;
				CLANG_WARN_INFINITE_RECURSION = YES;
				CLANG_WARN_INT_CONVERSION = YES;
				CLANG_WARN_OBJC_ROOT_CLASS = YES_ERROR;
				CLANG_WARN_SUSPICIOUS_MOVE = YES;
				CLANG_WARN_UNREACHABLE_CODE = YES;
				CLANG_WARN__DUPLICATE_METHOD_MATCH = YES;
				"CODE_SIGN_IDENTITY[sdk=iphoneos*]" = "iPhone Developer";
				COPY_PHASE_STRIP = NO;
				DEBUG_INFORMATION_FORMAT = dwarf;
				ENABLE_STRICT_OBJC_MSGSEND = YES;
				ENABLE_TESTABILITY = YES;
				GCC_C_LANGUAGE_STANDARD = gnu99;
				GCC_DYNAMIC_NO_PIC = NO;
				GCC_NO_COMMON_BLOCKS = YES;
				GCC_OPTIMIZATION_LEVEL = 0;
				GCC_PREPROCESSOR_DEFINITIONS = (
					"DEBUG=1",
					"$(inherited)",
				);
				GCC_WARN_64_TO_32_BIT_CONVERSION = YES;
				GCC_WARN_ABOUT_RETURN_TYPE = YES_ERROR;
				GCC_WARN_UNDECLARED_SELECTOR = YES;
				GCC_WARN_UNINITIALIZED_AUTOS = YES_AGGRESSIVE;
				GCC_WARN_UNUSED_FUNCTION = YES;
				GCC_WARN_UNUSED_VARIABLE = YES;
				IPHONEOS_DEPLOYMENT_TARGET = 10.2;
				MTL_ENABLE_DEBUG_INFO = YES;
				ONLY_ACTIVE_ARCH = YES;
				SDKROOT = iphoneos;
				SWIFT_ACTIVE_COMPILATION_CONDITIONS = DEBUG;
				SWIFT_OPTIMIZATION_LEVEL = "-Onone";
			};
			name = Debug;
		};
		4BB388131E5C29D60087932E /* Release */ = {
			isa = XCBuildConfiguration;
			buildSettings = {
				ALWAYS_SEARCH_USER_PATHS = NO;
				CLANG_ANALYZER_NONNULL = YES;
				CLANG_CXX_LANGUAGE_STANDARD = "gnu++0x";
				CLANG_CXX_LIBRARY = "libc++";
				CLANG_ENABLE_MODULES = YES;
				CLANG_ENABLE_OBJC_ARC = YES;
				CLANG_WARN_BOOL_CONVERSION = YES;
				CLANG_WARN_CONSTANT_CONVERSION = YES;
				CLANG_WARN_DIRECT_OBJC_ISA_USAGE = YES_ERROR;
				CLANG_WARN_DOCUMENTATION_COMMENTS = YES;
				CLANG_WARN_EMPTY_BODY = YES;
				CLANG_WARN_ENUM_CONVERSION = YES;
				CLANG_WARN_INFINITE_RECURSION = YES;
				CLANG_WARN_INT_CONVERSION = YES;
				CLANG_WARN_OBJC_ROOT_CLASS = YES_ERROR;
				CLANG_WARN_SUSPICIOUS_MOVE = YES;
				CLANG_WARN_UNREACHABLE_CODE = YES;
				CLANG_WARN__DUPLICATE_METHOD_MATCH = YES;
				"CODE_SIGN_IDENTITY[sdk=iphoneos*]" = "iPhone Developer";
				COPY_PHASE_STRIP = NO;
				DEBUG_INFORMATION_FORMAT = "dwarf-with-dsym";
				ENABLE_NS_ASSERTIONS = NO;
				ENABLE_STRICT_OBJC_MSGSEND = YES;
				GCC_C_LANGUAGE_STANDARD = gnu99;
				GCC_NO_COMMON_BLOCKS = YES;
				GCC_WARN_64_TO_32_BIT_CONVERSION = YES;
				GCC_WARN_ABOUT_RETURN_TYPE = YES_ERROR;
				GCC_WARN_UNDECLARED_SELECTOR = YES;
				GCC_WARN_UNINITIALIZED_AUTOS = YES_AGGRESSIVE;
				GCC_WARN_UNUSED_FUNCTION = YES;
				GCC_WARN_UNUSED_VARIABLE = YES;
				IPHONEOS_DEPLOYMENT_TARGET = 10.2;
				MTL_ENABLE_DEBUG_INFO = NO;
				SDKROOT = iphoneos;
				SWIFT_OPTIMIZATION_LEVEL = "-Owholemodule";
				VALIDATE_PRODUCT = YES;
			};
			name = Release;
		};
		4BB388151E5C29D60087932E /* Debug */ = {
			isa = XCBuildConfiguration;
			buildSettings = {
				ASSETCATALOG_COMPILER_APPICON_NAME = AppIcon;
				DEVELOPMENT_TEAM = 6WQTDQAD75;
				INFOPLIST_FILE = Project2/Info.plist;
				LD_RUNPATH_SEARCH_PATHS = "$(inherited) @executable_path/Frameworks";
				PRODUCT_BUNDLE_IDENTIFIER = com.ontheroad.Project6a;
				PRODUCT_NAME = "$(TARGET_NAME)";
				SWIFT_VERSION = 3.0;
			};
			name = Debug;
		};
		4BB388161E5C29D60087932E /* Release */ = {
			isa = XCBuildConfiguration;
			buildSettings = {
				ASSETCATALOG_COMPILER_APPICON_NAME = AppIcon;
				DEVELOPMENT_TEAM = 6WQTDQAD75;
				INFOPLIST_FILE = Project2/Info.plist;
				LD_RUNPATH_SEARCH_PATHS = "$(inherited) @executable_path/Frameworks";
				PRODUCT_BUNDLE_IDENTIFIER = com.ontheroad.Project6a;
				PRODUCT_NAME = "$(TARGET_NAME)";
				SWIFT_VERSION = 3.0;
			};
			name = Release;
		};
/* End XCBuildConfiguration section */

/* Begin XCConfigurationList section */
		4BB387FD1E5C29D50087932E /* Build configuration list for PBXProject "Project6a" */ = {
			isa = XCConfigurationList;
			buildConfigurations = (
				4BB388121E5C29D60087932E /* Debug */,
				4BB388131E5C29D60087932E /* Release */,
			);
			defaultConfigurationIsVisible = 0;
			defaultConfigurationName = Release;
		};
		4BB388141E5C29D60087932E /* Build configuration list for PBXNativeTarget "Project6a" */ = {
			isa = XCConfigurationList;
			buildConfigurations = (
				4BB388151E5C29D60087932E /* Debug */,
				4BB388161E5C29D60087932E /* Release */,
			);
			defaultConfigurationIsVisible = 0;
			defaultConfigurationName = Release;
		};
/* End XCConfigurationList section */
	};
	rootObject = 4BB387FA1E5C29D50087932E /* Project object */;
}
